
Microsoft Visual Studio Solution File, Format Version 12.00
# Visual Studio Version 17
VisualStudioVersion = 17.2.32516.85
MinimumVisualStudioVersion = 10.0.40219.1
Project("{2150E333-8FDC-42A3-9474-1A3956D46DE8}") = "0 - Apresentacao", "0 - Apresentacao", "{BE4AD834-9AA5-4C7A-BB8B-3B583BA6F9A3}"
EndProject
Project("{FAE04EC0-301F-11D3-BF4B-00C04F79EFBC}") = "AR.Apresentacao", "AR.Apresentacao\AR.Apresentacao.csproj", "{97129E76-D8F6-44F6-A021-94A402E8FBF8}"
EndProject
Project("{2150E333-8FDC-42A3-9474-1A3956D46DE8}") = "2- Data", "2- Data", "{31E8C316-836E-4F3A-8F8B-7F6CBC7425CD}"
EndProject
Project("{FAE04EC0-301F-11D3-BF4B-00C04F79EFBC}") = "AR.Data", "AR.Data\AR.Data.csproj", "{60446BA9-AEE8-4AB5-B517-97ECA4B43727}"
EndProject
Project("{2150E333-8FDC-42A3-9474-1A3956D46DE8}") = "1- Domain", "1- Domain", "{63EA95A3-EFB3-41CA-88FF-515B0BE2908C}"
EndProject
Project("{9A19103F-16F7-4668-BE54-9A1E7A4F7556}") = "AR.Domain", "AR.Domain\AR.Domain.csproj", "{05F940C5-C46D-44B0-B4F5-591D48800616}"
EndProject
Global
	GlobalSection(SolutionConfigurationPlatforms) = preSolution
		Debug|Any CPU = Debug|Any CPU
		Release|Any CPU = Release|Any CPU
	EndGlobalSection
	GlobalSection(ProjectConfigurationPlatforms) = postSolution
		{97129E76-D8F6-44F6-A021-94A402E8FBF8}.Debug|Any CPU.ActiveCfg = Debug|Any CPU
		{97129E76-D8F6-44F6-A021-94A402E8FBF8}.Debug|Any CPU.Build.0 = Debug|Any CPU
		{97129E76-D8F6-44F6-A021-94A402E8FBF8}.Release|Any CPU.ActiveCfg = Release|Any CPU
		{97129E76-D8F6-44F6-A021-94A402E8FBF8}.Release|Any CPU.Build.0 = Release|Any CPU
		{60446BA9-AEE8-4AB5-B517-97ECA4B43727}.Debug|Any CPU.ActiveCfg = Debug|Any CPU
		{60446BA9-AEE8-4AB5-B517-97ECA4B43727}.Debug|Any CPU.Build.0 = Debug|Any CPU
		{60446BA9-AEE8-4AB5-B517-97ECA4B43727}.Release|Any CPU.ActiveCfg = Release|Any CPU
		{60446BA9-AEE8-4AB5-B517-97ECA4B43727}.Release|Any CPU.Build.0 = Release|Any CPU
		{05F940C5-C46D-44B0-B4F5-591D48800616}.Debug|Any CPU.ActiveCfg = Debug|Any CPU
		{05F940C5-C46D-44B0-B4F5-591D48800616}.Debug|Any CPU.Build.0 = Debug|Any CPU
		{05F940C5-C46D-44B0-B4F5-591D48800616}.Release|Any CPU.ActiveCfg = Release|Any CPU
		{05F940C5-C46D-44B0-B4F5-591D48800616}.Release|Any CPU.Build.0 = Release|Any CPU
	EndGlobalSection
	GlobalSection(SolutionProperties) = preSolution
		HideSolutionNode = FALSE
	EndGlobalSection
	GlobalSection(NestedProjects) = preSolution
		{97129E76-D8F6-44F6-A021-94A402E8FBF8} = {BE4AD834-9AA5-4C7A-BB8B-3B583BA6F9A3}
		{60446BA9-AEE8-4AB5-B517-97ECA4B43727} = {31E8C316-836E-4F3A-8F8B-7F6CBC7425CD}
		{05F940C5-C46D-44B0-B4F5-591D48800616} = {63EA95A3-EFB3-41CA-88FF-515B0BE2908C}
	EndGlobalSection
	GlobalSection(ExtensibilityGlobals) = postSolution
		SolutionGuid = {28ACBAA8-BBE7-43CA-A8D2-1FB7E79DD1AE}
	EndGlobalSection
EndGlobal
